PODS:
  - CSNotificationView (0.6)

DEPENDENCIES:
  - CSNotificationView (from `../`)

EXTERNAL SOURCES:
  CSNotificationView:
    :path: "../"

SPEC CHECKSUMS:
  CSNotificationView: 0935274d0b15b5414b8f60eede1df0e178f36e2a

PODFILE CHECKSUM: f80b79e55e70190714fb94425387d88fba126163

COCOAPODS: 1.11.3
