PODS:
  - CSNotificationView (0.5.5)

DEPENDENCIES:
  - CSNotificationView (from `../`)

EXTERNAL SOURCES:
  CSNotificationView:
    :path: "../"

SPEC CHECKSUMS:
  CSNotificationView: f563f3fa449300b8bbf92e49426e4eb205da50a0

PODFILE CHECKSUM: f80b79e55e70190714fb94425387d88fba126163

COCOAPODS: 1.10.1
