PODS:
  - CSNotificationView (0.5.4)

DEPENDENCIES:
  - CSNotificationView (from `../`)

EXTERNAL SOURCES:
  CSNotificationView:
    :path: "../"

SPEC CHECKSUMS:
  CSNotificationView: 1d855a4c9a2e012447488c83afad806720d81ccb

PODFILE CHECKSUM: f80b79e55e70190714fb94425387d88fba126163

COCOAPODS: 1.5.3
